
Microsoft Visual Studio Solution File, Format Version 12.00
# Visual Studio Version 17
VisualStudioVersion = 17.7.34202.233
MinimumVisualStudioVersion = 10.0.40219.1
Project("{FAE04EC0-301F-11D3-BF4B-00C04F79EFBC}") = "LabTest", "LabTest\LabTest.csproj", "{1E541935-A411-489D-8CB3-CC3810A19665}"
EndProject
Global
	GlobalSection(SolutionConfigurationPlatforms) = preSolution
		Debug|Any CPU = Debug|Any CPU
		Release|Any CPU = Release|Any CPU
	EndGlobalSection
	GlobalSection(ProjectConfigurationPlatforms) = postSolution
		{1E541935-A411-489D-8CB3-CC3810A19665}.Debug|Any CPU.ActiveCfg = Debug|Any CPU
		{1E541935-A411-489D-8CB3-CC3810A19665}.Debug|Any CPU.Build.0 = Debug|Any CPU
		{1E541935-A411-489D-8CB3-CC3810A19665}.Release|Any CPU.ActiveCfg = Release|Any CPU
		{1E541935-A411-489D-8CB3-CC3810A19665}.Release|Any CPU.Build.0 = Release|Any CPU
	EndGlobalSection
	GlobalSection(SolutionProperties) = preSolution
		HideSolutionNode = FALSE
	EndGlobalSection
	GlobalSection(ExtensibilityGlobals) = postSolution
		SolutionGuid = {F542DAA3-871F-465D-9266-8E5B6DCE0F3F}
	EndGlobalSection
EndGlobal
